
Microsoft Visual Studio Solution File, Format Version 12.00
# Visual Studio 15
VisualStudioVersion = 15.0.28307.902
MinimumVisualStudioVersion = 10.0.40219.1
Project("{8BC9CEB8-8B4A-11D0-8D11-00A0C91BC942}") = "Trial_NormalMapping", "Trial_NormalMapping.vcxproj", "{35E463B2-D595-4209-B656-810C82C3420E}"
EndProject
Global
	GlobalSection(SolutionConfigurationPlatforms) = preSolution
		Debug|x64 = Debug|x64
		Debug|x86 = Debug|x86
		Release|x64 = Release|x64
		Release|x86 = Release|x86
	EndGlobalSection
	GlobalSection(ProjectConfigurationPlatforms) = postSolution
		{35E463B2-D595-4209-B656-810C82C3420E}.Debug|x64.ActiveCfg = Debug|x64
		{35E463B2-D595-4209-B656-810C82C3420E}.Debug|x64.Build.0 = Debug|x64
		{35E463B2-D595-4209-B656-810C82C3420E}.Debug|x86.ActiveCfg = Debug|Win32
		{35E463B2-D595-4209-B656-810C82C3420E}.Debug|x86.Build.0 = Debug|Win32
		{35E463B2-D595-4209-B656-810C82C3420E}.Release|x64.ActiveCfg = Release|x64
		{35E463B2-D595-4209-B656-810C82C3420E}.Release|x64.Build.0 = Release|x64
		{35E463B2-D595-4209-B656-810C82C3420E}.Release|x86.ActiveCfg = Release|Win32
		{35E463B2-D595-4209-B656-810C82C3420E}.Release|x86.Build.0 = Release|Win32
	EndGlobalSection
	GlobalSection(SolutionProperties) = preSolution
		HideSolutionNode = FALSE
	EndGlobalSection
	GlobalSection(ExtensibilityGlobals) = postSolution
		SolutionGuid = {C47AD614-C272-4E58-9B64-83FC287FB90B}
	EndGlobalSection
EndGlobal
